// !$*UTF8*$!
{
	archiveVersion = 1;
	classes = {
	};
	objectVersion = 46;
	objects = {

/* Begin PBXBuildFile section */
		C9F25BD31876546F00B84A4F /* Foundation.framework in Frameworks */ = {isa = PBXBuildFile; fileRef = C9F25BD21876546F00B84A4F /* Foundation.framework */; };
		C9F25BD51876546F00B84A4F /* CoreGraphics.framework in Frameworks */ = {isa = PBXBuildFile; fileRef = C9F25BD41876546F00B84A4F /* CoreGraphics.framework */; };
		C9F25BD71876546F00B84A4F /* UIKit.framework in Frameworks */ = {isa = PBXBuildFile; fileRef = C9F25BD61876546F00B84A4F /* UIKit.framework */; };
		C9F25BDD1876546F00B84A4F /* InfoPlist.strings in Resources */ = {isa = PBXBuildFile; fileRef = C9F25BDB1876546F00B84A4F /* InfoPlist.strings */; };
		C9F25BDF1876546F00B84A4F /* main.m in Sources */ = {isa = PBXBuildFile; fileRef = C9F25BDE1876546F00B84A4F /* main.m */; };
		C9F25BE31876546F00B84A4F /* SIMAppDelegate.m in Sources */ = {isa = PBXBuildFile; fileRef = C9F25BE21876546F00B84A4F /* SIMAppDelegate.m */; };
		C9F25BE61876546F00B84A4F /* Main.storyboard in Resources */ = {isa = PBXBuildFile; fileRef = C9F25BE41876546F00B84A4F /* Main.storyboard */; };
		C9F25BE91876546F00B84A4F /* SIMViewController.m in Sources */ = {isa = PBXBuildFile; fileRef = C9F25BE81876546F00B84A4F /* SIMViewController.m */; };
		C9F25BEB1876546F00B84A4F /* Images.xcassets in Resources */ = {isa = PBXBuildFile; fileRef = C9F25BEA1876546F00B84A4F /* Images.xcassets */; };
		C9F25BF21876546F00B84A4F /* XCTest.framework in Frameworks */ = {isa = PBXBuildFile; fileRef = C9F25BF11876546F00B84A4F /* XCTest.framework */; };
		C9F25BF31876546F00B84A4F /* Foundation.framework in Frameworks */ = {isa = PBXBuildFile; fileRef = C9F25BD21876546F00B84A4F /* Foundation.framework */; };
		C9F25BF41876546F00B84A4F /* UIKit.framework in Frameworks */ = {isa = PBXBuildFile; fileRef = C9F25BD61876546F00B84A4F /* UIKit.framework */; };
		C9F25BFC1876546F00B84A4F /* InfoPlist.strings in Resources */ = {isa = PBXBuildFile; fileRef = C9F25BFA1876546F00B84A4F /* InfoPlist.strings */; };
		C9F25BFE1876546F00B84A4F /* SimpleTests.m in Sources */ = {isa = PBXBuildFile; fileRef = C9F25BFD1876546F00B84A4F /* SimpleTests.m */; };
/* End PBXBuildFile section */

/* Begin PBXContainerItemProxy section */
		C9F25BF51876546F00B84A4F /* PBXContainerItemProxy */ = {
			isa = PBXContainerItemProxy;
			containerPortal = C9F25BC71876546F00B84A4F /* Project object */;
			proxyType = 1;
			remoteGlobalIDString = C9F25BCE1876546F00B84A4F;
			remoteInfo = Simple;
		};
/* End PBXContainerItemProxy section */

/* Begin PBXFileReference section */
		C9F25BCF1876546F00B84A4F /* Simple.app */ = {isa = PBXFileReference; explicitFileType = wrapper.application; includeInIndex = 0; path = Simple.app; sourceTree = BUILT_PRODUCTS_DIR; };
		C9F25BD21876546F00B84A4F /* Foundation.framework */ = {isa = PBXFileReference; lastKnownFileType = wrapper.framework; name = Foundation.framework; path = System/Library/Frameworks/Foundation.framework; sourceTree = SDKROOT; };
		C9F25BD41876546F00B84A4F /* CoreGraphics.framework */ = {isa = PBXFileReference; lastKnownFileType = wrapper.framework; name = CoreGraphics.framework; path = System/Library/Frameworks/CoreGraphics.framework; sourceTree = SDKROOT; };
		C9F25BD61876546F00B84A4F /* UIKit.framework */ = {isa = PBXFileReference; lastKnownFileType = wrapper.framework; name = UIKit.framework; path = System/Library/Frameworks/UIKit.framework; sourceTree = SDKROOT; };
		C9F25BDA1876546F00B84A4F /* Simple-Info.plist */ = {isa = PBXFileReference; lastKnownFileType = text.plist.xml; path = "Simple-Info.plist"; sourceTree = "<group>"; };
		C9F25BDC1876546F00B84A4F /* en */ = {isa = PBXFileReference; lastKnownFileType = text.plist.strings; name = en; path = en.lproj/InfoPlist.strings; sourceTree = "<group>"; };
		C9F25BDE1876546F00B84A4F /* main.m */ = {isa = PBXFileReference; lastKnownFileType = sourcecode.c.objc; path = main.m; sourceTree = "<group>"; };
		C9F25BE01876546F00B84A4F /* Simple-Prefix.pch */ = {isa = PBXFileReference; lastKnownFileType = sourcecode.c.h; path = "Simple-Prefix.pch"; sourceTree = "<group>"; };
		C9F25BE11876546F00B84A4F /* SIMAppDelegate.h */ = {isa = PBXFileReference; lastKnownFileType = sourcecode.c.h; path = SIMAppDelegate.h; sourceTree = "<group>"; };
		C9F25BE21876546F00B84A4F /* SIMAppDelegate.m */ = {isa = PBXFileReference; lastKnownFileType = sourcecode.c.objc; path = SIMAppDelegate.m; sourceTree = "<group>"; };
		C9F25BE51876546F00B84A4F /* Base */ = {isa = PBXFileReference; lastKnownFileType = file.storyboard; name = Base; path = Base.lproj/Main.storyboard; sourceTree = "<group>"; };
		C9F25BE71876546F00B84A4F /* SIMViewController.h */ = {isa = PBXFileReference; lastKnownFileType = sourcecode.c.h; path = SIMViewController.h; sourceTree = "<group>"; };
		C9F25BE81876546F00B84A4F /* SIMViewController.m */ = {isa = PBXFileReference; lastKnownFileType = sourcecode.c.objc; path = SIMViewController.m; sourceTree = "<group>"; };
		C9F25BEA1876546F00B84A4F /* Images.xcassets */ = {isa = PBXFileReference; lastKnownFileType = folder.assetcatalog; path = Images.xcassets; sourceTree = "<group>"; };
		C9F25BF01876546F00B84A4F /* SimpleTests.xctest */ = {isa = PBXFileReference; explicitFileType = wrapper.cfbundle; includeInIndex = 0; path = SimpleTests.xctest; sourceTree = BUILT_PRODUCTS_DIR; };
		C9F25BF11876546F00B84A4F /* XCTest.framework */ = {isa = PBXFileReference; lastKnownFileType = wrapper.framework; name = XCTest.framework; path = Library/Frameworks/XCTest.framework; sourceTree = DEVELOPER_DIR; };
		C9F25BF91876546F00B84A4F /* SimpleTests-Info.plist */ = {isa = PBXFileReference; lastKnownFileType = text.plist.xml; path = "SimpleTests-Info.plist"; sourceTree = "<group>"; };
		C9F25BFB1876546F00B84A4F /* en */ = {isa = PBXFileReference; lastKnownFileType = text.plist.strings; name = en; path = en.lproj/InfoPlist.strings; sourceTree = "<group>"; };
		C9F25BFD1876546F00B84A4F /* SimpleTests.m */ = {isa = PBXFileReference; lastKnownFileType = sourcecode.c.objc; path = SimpleTests.m; sourceTree = "<group>"; };
/* End PBXFileReference section */

/* Begin PBXFrameworksBuildPhase section */
		C9F25BCC1876546F00B84A4F /* Frameworks */ = {
			isa = PBXFrameworksBuildPhase;
			buildActionMask = 2147483647;
			files = (
				C9F25BD51876546F00B84A4F /* CoreGraphics.framework in Frameworks */,
				C9F25BD71876546F00B84A4F /* UIKit.framework in Frameworks */,
				C9F25BD31876546F00B84A4F /* Foundation.framework in Frameworks */,
			);
			runOnlyForDeploymentPostprocessing = 0;
		};
		C9F25BED1876546F00B84A4F /* Frameworks */ = {
			isa = PBXFrameworksBuildPhase;
			buildActionMask = 2147483647;
			files = (
				C9F25BF21876546F00B84A4F /* XCTest.framework in Frameworks */,
				C9F25BF41876546F00B84A4F /* UIKit.framework in Frameworks */,
				C9F25BF31876546F00B84A4F /* Foundation.framework in Frameworks */,
			);
			runOnlyForDeploymentPostprocessing = 0;
		};
/* End PBXFrameworksBuildPhase section */

/* Begin PBXGroup section */
		C9F25BC61876546F00B84A4F = {
			isa = PBXGroup;
			children = (
				C9F25BD81876546F00B84A4F /* Simple */,
				C9F25BF71876546F00B84A4F /* SimpleTests */,
				C9F25BD11876546F00B84A4F /* Frameworks */,
				C9F25BD01876546F00B84A4F /* Products */,
			);
			sourceTree = "<group>";
		};
		C9F25BD01876546F00B84A4F /* Products */ = {
			isa = PBXGroup;
			children = (
				C9F25BCF1876546F00B84A4F /* Simple.app */,
				C9F25BF01876546F00B84A4F /* SimpleTests.xctest */,
			);
			name = Products;
			sourceTree = "<group>";
		};
		C9F25BD11876546F00B84A4F /* Frameworks */ = {
			isa = PBXGroup;
			children = (
				C9F25BD21876546F00B84A4F /* Foundation.framework */,
				C9F25BD41876546F00B84A4F /* CoreGraphics.framework */,
				C9F25BD61876546F00B84A4F /* UIKit.framework */,
				C9F25BF11876546F00B84A4F /* XCTest.framework */,
			);
			name = Frameworks;
			sourceTree = "<group>";
		};
		C9F25BD81876546F00B84A4F /* Simple */ = {
			isa = PBXGroup;
			children = (
				C9F25BE11876546F00B84A4F /* SIMAppDelegate.h */,
				C9F25BE21876546F00B84A4F /* SIMAppDelegate.m */,
				C9F25BE41876546F00B84A4F /* Main.storyboard */,
				C9F25BE71876546F00B84A4F /* SIMViewController.h */,
				C9F25BE81876546F00B84A4F /* SIMViewController.m */,
				C9F25BEA1876546F00B84A4F /* Images.xcassets */,
				C9F25BD91876546F00B84A4F /* Supporting Files */,
			);
			path = Simple;
			sourceTree = "<group>";
		};
		C9F25BD91876546F00B84A4F /* Supporting Files */ = {
			isa = PBXGroup;
			children = (
				C9F25BDA1876546F00B84A4F /* Simple-Info.plist */,
				C9F25BDB1876546F00B84A4F /* InfoPlist.strings */,
				C9F25BDE1876546F00B84A4F /* main.m */,
				C9F25BE01876546F00B84A4F /* Simple-Prefix.pch */,
			);
			name = "Supporting Files";
			sourceTree = "<group>";
		};
		C9F25BF71876546F00B84A4F /* SimpleTests */ = {
			isa = PBXGroup;
			children = (
				C9F25BFD1876546F00B84A4F /* SimpleTests.m */,
				C9F25BF81876546F00B84A4F /* Supporting Files */,
			);
			path = SimpleTests;
			sourceTree = "<group>";
		};
		C9F25BF81876546F00B84A4F /* Supporting Files */ = {
			isa = PBXGroup;
			children = (
				C9F25BF91876546F00B84A4F /* SimpleTests-Info.plist */,
				C9F25BFA1876546F00B84A4F /* InfoPlist.strings */,
			);
			name = "Supporting Files";
			sourceTree = "<group>";
		};
/* End PBXGroup section */

/* Begin PBXNativeTarget section */
		C9F25BCE1876546F00B84A4F /* Simple */ = {
			isa = PBXNativeTarget;
			buildConfigurationList = C9F25C011876546F00B84A4F /* Build configuration list for PBXNativeTarget "Simple" */;
			buildPhases = (
				C9F25BCB1876546F00B84A4F /* Sources */,
				C9F25BCC1876546F00B84A4F /* Frameworks */,
				C9F25BCD1876546F00B84A4F /* Resources */,
			);
			buildRules = (
			);
			dependencies = (
			);
			name = Simple;
			productName = Simple;
			productReference = C9F25BCF1876546F00B84A4F /* Simple.app */;
			productType = "com.apple.product-type.application";
		};
		C9F25BEF1876546F00B84A4F /* SimpleTests */ = {
			isa = PBXNativeTarget;
			buildConfigurationList = C9F25C041876546F00B84A4F /* Build configuration list for PBXNativeTarget "SimpleTests" */;
			buildPhases = (
				C9F25BEC1876546F00B84A4F /* Sources */,
				C9F25BED1876546F00B84A4F /* Frameworks */,
				C9F25BEE1876546F00B84A4F /* Resources */,
			);
			buildRules = (
			);
			dependencies = (
				C9F25BF61876546F00B84A4F /* PBXTargetDependency */,
			);
			name = SimpleTests;
			productName = SimpleTests;
			productReference = C9F25BF01876546F00B84A4F /* SimpleTests.xctest */;
			productType = "com.apple.product-type.bundle.unit-test";
		};
/* End PBXNativeTarget section */

/* Begin PBXProject section */
		C9F25BC71876546F00B84A4F /* Project object */ = {
			isa = PBXProject;
			attributes = {
				CLASSPREFIX = SIM;
				LastUpgradeCheck = 0510;
				ORGANIZATIONNAME = "Matt Zanchelli";
				TargetAttributes = {
					C9F25BEF1876546F00B84A4F = {
						TestTargetID = C9F25BCE1876546F00B84A4F;
					};
				};
			};
			buildConfigurationList = C9F25BCA1876546F00B84A4F /* Build configuration list for PBXProject "Simple" */;
			compatibilityVersion = "Xcode 3.2";
			developmentRegion = English;
			hasScannedForEncodings = 0;
			knownRegions = (
				en,
				Base,
			);
			mainGroup = C9F25BC61876546F00B84A4F;
			productRefGroup = C9F25BD01876546F00B84A4F /* Products */;
			projectDirPath = "";
			projectRoot = "";
			targets = (
				C9F25BCE1876546F00B84A4F /* Simple */,
				C9F25BEF1876546F00B84A4F /* SimpleTests */,
			);
		};
/* End PBXProject section */

/* Begin PBXResourcesBuildPhase section */
		C9F25BCD1876546F00B84A4F /* Resources */ = {
			isa = PBXResourcesBuildPhase;
			buildActionMask = 2147483647;
			files = (
				C9F25BEB1876546F00B84A4F /* Images.xcassets in Resources */,
				C9F25BDD1876546F00B84A4F /* InfoPlist.strings in Resources */,
				C9F25BE61876546F00B84A4F /* Main.storyboard in Resources */,
			);
			runOnlyForDeploymentPostprocessing = 0;
		};
		C9F25BEE1876546F00B84A4F /* Resources */ = {
			isa = PBXResourcesBuildPhase;
			buildActionMask = 2147483647;
			files = (
				C9F25BFC1876546F00B84A4F /* InfoPlist.strings in Resources */,
			);
			runOnlyForDeploymentPostprocessing = 0;
		};
/* End PBXResourcesBuildPhase section */

/* Begin PBXSourcesBuildPhase section */
		C9F25BCB1876546F00B84A4F /* Sources */ = {
			isa = PBXSourcesBuildPhase;
			buildActionMask = 2147483647;
			files = (
				C9F25BE91876546F00B84A4F /* SIMViewController.m in Sources */,
				C9F25BE31876546F00B84A4F /* SIMAppDelegate.m in Sources */,
				C9F25BDF1876546F00B84A4F /* main.m in Sources */,
			);
			runOnlyForDeploymentPostprocessing = 0;
		};
		C9F25BEC1876546F00B84A4F /* Sources */ = {
			isa = PBXSourcesBuildPhase;
			buildActionMask = 2147483647;
			files = (
				C9F25BFE1876546F00B84A4F /* SimpleTests.m in Sources */,
			);
			runOnlyForDeploymentPostprocessing = 0;
		};
/* End PBXSourcesBuildPhase section */

/* Begin PBXTargetDependency section */
		C9F25BF61876546F00B84A4F /* PBXTargetDependency */ = {
			isa = PBXTargetDependency;
			target = C9F25BCE1876546F00B84A4F /* Simple */;
			targetProxy = C9F25BF51876546F00B84A4F /* PBXContainerItemProxy */;
		};
/* End PBXTargetDependency section */

/* Begin PBXVariantGroup section */
		C9F25BDB1876546F00B84A4F /* InfoPlist.strings */ = {
			isa = PBXVariantGroup;
			children = (
				C9F25BDC1876546F00B84A4F /* en */,
			);
			name = InfoPlist.strings;
			sourceTree = "<group>";
		};
		C9F25BE41876546F00B84A4F /* Main.storyboard */ = {
			isa = PBXVariantGroup;
			children = (
				C9F25BE51876546F00B84A4F /* Base */,
			);
			name = Main.storyboard;
			sourceTree = "<group>";
		};
		C9F25BFA1876546F00B84A4F /* InfoPlist.strings */ = {
			isa = PBXVariantGroup;
			children = (
				C9F25BFB1876546F00B84A4F /* en */,
			);
			name = InfoPlist.strings;
			sourceTree = "<group>";
		};
/* End PBXVariantGroup section */

/* Begin XCBuildConfiguration section */
		C9F25BFF1876546F00B84A4F /* Debug */ = {
			isa = XCBuildConfiguration;
			buildSettings = {
				ALWAYS_SEARCH_USER_PATHS = NO;
				ARCHS = "$(ARCHS_STANDARD_INCLUDING_64_BIT)";
				CLANG_CXX_LANGUAGE_STANDARD = "gnu++0x";
				CLANG_CXX_LIBRARY = "libc++";
				CLANG_ENABLE_MODULES = YES;
				CLANG_ENABLE_OBJC_ARC = YES;
				CLANG_WARN_BOOL_CONVERSION = YES;
				CLANG_WARN_CONSTANT_CONVERSION = YES;
				CLANG_WARN_DIRECT_OBJC_ISA_USAGE = YES_ERROR;
				CLANG_WARN_EMPTY_BODY = YES;
				CLANG_WARN_ENUM_CONVERSION = YES;
				CLANG_WARN_INT_CONVERSION = YES;
				CLANG_WARN_OBJC_ROOT_CLASS = YES_ERROR;
				CLANG_WARN__DUPLICATE_METHOD_MATCH = YES;
				"CODE_SIGN_IDENTITY[sdk=iphoneos*]" = "iPhone Developer";
				COPY_PHASE_STRIP = NO;
				GCC_C_LANGUAGE_STANDARD = gnu99;
				GCC_DYNAMIC_NO_PIC = NO;
				GCC_OPTIMIZATION_LEVEL = 0;
				GCC_PREPROCESSOR_DEFINITIONS = (
					"DEBUG=1",
					"$(inherited)",
				);
				GCC_SYMBOLS_PRIVATE_EXTERN = NO;
				GCC_WARN_64_TO_32_BIT_CONVERSION = YES;
				GCC_WARN_ABOUT_RETURN_TYPE = YES_ERROR;
				GCC_WARN_UNDECLARED_SELECTOR = YES;
				GCC_WARN_UNINITIALIZED_AUTOS = YES_AGGRESSIVE;
				GCC_WARN_UNUSED_FUNCTION = YES;
				GCC_WARN_UNUSED_VARIABLE = YES;
				IPHONEOS_DEPLOYMENT_TARGET = 7.1;
				ONLY_ACTIVE_ARCH = YES;
				SDKROOT = iphoneos;
			};
			name = Debug;
		};
		C9F25C001876546F00B84A4F /* Release */ = {
			isa = XCBuildConfiguration;
			buildSettings = {
				ALWAYS_SEARCH_USER_PATHS = NO;
				ARCHS = "$(ARCHS_STANDARD_INCLUDING_64_BIT)";
				CLANG_CXX_LANGUAGE_STANDARD = "gnu++0x";
				CLANG_CXX_LIBRARY = "libc++";
				CLANG_ENABLE_MODULES = YES;
				CLANG_ENABLE_OBJC_ARC = YES;
				CLANG_WARN_BOOL_CONVERSION = YES;
				CLANG_WARN_CONSTANT_CONVERSION = YES;
				CLANG_WARN_DIRECT_OBJC_ISA_USAGE = YES_ERROR;
				CLANG_WARN_EMPTY_BODY = YES;
				CLANG_WARN_ENUM_CONVERSION = YES;
				CLANG_WARN_INT_CONVERSION = YES;
				CLANG_WARN_OBJC_ROOT_CLASS = YES_ERROR;
				CLANG_WARN__DUPLICATE_METHOD_MATCH = YES;
				"CODE_SIGN_IDENTITY[sdk=iphoneos*]" = "iPhone Developer";
				COPY_PHASE_STRIP = YES;
				ENABLE_NS_ASSERTIONS = NO;
				GCC_C_LANGUAGE_STANDARD = gnu99;
				GCC_WARN_64_TO_32_BIT_CONVERSION = YES;
				GCC_WARN_ABOUT_RETURN_TYPE = YES_ERROR;
				GCC_WARN_UNDECLARED_SELECTOR = YES;
				GCC_WARN_UNINITIALIZED_AUTOS = YES_AGGRESSIVE;
				GCC_WARN_UNUSED_FUNCTION = YES;
				GCC_WARN_UNUSED_VARIABLE = YES;
				IPHONEOS_DEPLOYMENT_TARGET = 7.1;
				SDKROOT = iphoneos;
				VALIDATE_PRODUCT = YES;
			};
			name = Release;
		};
		C9F25C021876546F00B84A4F /* Debug */ = {
			isa = XCBuildConfiguration;
			buildSettings = {
				ASSETCATALOG_COMPILER_APPICON_NAME = AppIcon;
				ASSETCATALOG_COMPILER_LAUNCHIMAGE_NAME = LaunchImage;
				GCC_PRECOMPILE_PREFIX_HEADER = YES;
				GCC_PREFIX_HEADER = "Simple/Simple-Prefix.pch";
				INFOPLIST_FILE = "Simple/Simple-Info.plist";
				PRODUCT_NAME = "$(TARGET_NAME)";
				WRAPPER_EXTENSION = app;
			};
			name = Debug;
		};
		C9F25C031876546F00B84A4F /* Release */ = {
			isa = XCBuildConfiguration;
			buildSettings = {
				ASSETCATALOG_COMPILER_APPICON_NAME = AppIcon;
				ASSETCATALOG_COMPILER_LAUNCHIMAGE_NAME = LaunchImage;
				GCC_PRECOMPILE_PREFIX_HEADER = YES;
				GCC_PREFIX_HEADER = "Simple/Simple-Prefix.pch";
				INFOPLIST_FILE = "Simple/Simple-Info.plist";
				PRODUCT_NAME = "$(TARGET_NAME)";
				WRAPPER_EXTENSION = app;
			};
			name = Release;
		};
		C9F25C051876546F00B84A4F /* Debug */ = {
			isa = XCBuildConfiguration;
			buildSettings = {
				ARCHS = "$(ARCHS_STANDARD_INCLUDING_64_BIT)";
				BUNDLE_LOADER = "$(BUILT_PRODUCTS_DIR)/Simple.app/Simple";
				FRAMEWORK_SEARCH_PATHS = (
					"$(SDKROOT)/Developer/Library/Frameworks",
					"$(inherited)",
					"$(DEVELOPER_FRAMEWORKS_DIR)",
				);
				GCC_PRECOMPILE_PREFIX_HEADER = YES;
				GCC_PREFIX_HEADER = "Simple/Simple-Prefix.pch";
				GCC_PREPROCESSOR_DEFINITIONS = (
					"DEBUG=1",
					"$(inherited)",
				);
				INFOPLIST_FILE = "SimpleTests/SimpleTests-Info.plist";
				PRODUCT_NAME = "$(TARGET_NAME)";
				TEST_HOST = "$(BUNDLE_LOADER)";
				WRAPPER_EXTENSION = xctest;
			};
			name = Debug;
		};
		C9F25C061876546F00B84A4F /* Release */ = {
			isa = XCBuildConfiguration;
			buildSettings = {
				ARCHS = "$(ARCHS_STANDARD_INCLUDING_64_BIT)";
				BUNDLE_LOADER = "$(BUILT_PRODUCTS_DIR)/Simple.app/Simple";
				FRAMEWORK_SEARCH_PATHS = (
					"$(SDKROOT)/Developer/Library/Frameworks",
					"$(inherited)",
					"$(DEVELOPER_FRAMEWORKS_DIR)",
				);
				GCC_PRECOMPILE_PREFIX_HEADER = YES;
				GCC_PREFIX_HEADER = "Simple/Simple-Prefix.pch";
				INFOPLIST_FILE = "SimpleTests/SimpleTests-Info.plist";
				PRODUCT_NAME = "$(TARGET_NAME)";
				TEST_HOST = "$(BUNDLE_LOADER)";
				WRAPPER_EXTENSION = xctest;
			};
			name = Release;
		};
/* End XCBuildConfiguration section */

/* Begin XCConfigurationList section */
		C9F25BCA1876546F00B84A4F /* Build configuration list for PBXProject "Simple" */ = {
			isa = XCConfigurationList;
			buildConfigurations = (
				C9F25BFF1876546F00B84A4F /* Debug */,
				C9F25C001876546F00B84A4F /* Release */,
			);
			defaultConfigurationIsVisible = 0;
			defaultConfigurationName = Release;
		};
		C9F25C011876546F00B84A4F /* Build configuration list for PBXNativeTarget "Simple" */ = {
			isa = XCConfigurationList;
			buildConfigurations = (
				C9F25C021876546F00B84A4F /* Debug */,
				C9F25C031876546F00B84A4F /* Release */,
			);
			defaultConfigurationIsVisible = 0;
		};
		C9F25C041876546F00B84A4F /* Build configuration list for PBXNativeTarget "SimpleTests" */ = {
			isa = XCConfigurationList;
			buildConfigurations = (
				C9F25C051876546F00B84A4F /* Debug */,
				C9F25C061876546F00B84A4F /* Release */,
			);
			defaultConfigurationIsVisible = 0;
		};
/* End XCConfigurationList section */
	};
	rootObject = C9F25BC71876546F00B84A4F /* Project object */;
}
